// !$*UTF8*$!
{
	archiveVersion = 1;
	classes = {
	};
	objectVersion = 50;
	objects = {

/* Begin PBXBuildFile section */
		EFB520D62085AB33007EDBCF /* UIView+WExtension.m in Sources */ = {isa = PBXBuildFile; fileRef = EFB5209D2085AB33007EDBCF /* UIView+WExtension.m */; };
		EFB520D72085AB33007EDBCF /* UIImage+WLColor.m in Sources */ = {isa = PBXBuildFile; fileRef = EFB5209E2085AB33007EDBCF /* UIImage+WLColor.m */; };
		EFB520D82085AB33007EDBCF /* UIView+WLBlockGesture.m in Sources */ = {isa = PBXBuildFile; fileRef = EFB5209F2085AB33007EDBCF /* UIView+WLBlockGesture.m */; };
		EFB520D92085AB33007EDBCF /* UIView+WLCornerRadius.m in Sources */ = {isa = PBXBuildFile; fileRef = EFB520A02085AB33007EDBCF /* UIView+WLCornerRadius.m */; };
		EFB520E62085AB34007EDBCF /* WLNewBaseView.m in Sources */ = {isa = PBXBuildFile; fileRef = EFB520C22085AB33007EDBCF /* WLNewBaseView.m */; };
		EFB520E72085AB34007EDBCF /* WLNewColumnsButton.m in Sources */ = {isa = PBXBuildFile; fileRef = EFB520C62085AB33007EDBCF /* WLNewColumnsButton.m */; };
		EFB520E82085AB34007EDBCF /* WLNewColumusMoreItemView.m in Sources */ = {isa = PBXBuildFile; fileRef = EFB520C72085AB33007EDBCF /* WLNewColumusMoreItemView.m */; };
		EFB520E92085AB34007EDBCF /* WLNewColumnsViewCollectionViewCell.m in Sources */ = {isa = PBXBuildFile; fileRef = EFB520C92085AB33007EDBCF /* WLNewColumnsViewCollectionViewCell.m */; };
		EFB520EA2085AB34007EDBCF /* WLNewPagingModeMainCollectionViewCell.m in Sources */ = {isa = PBXBuildFile; fileRef = EFB520CA2085AB33007EDBCF /* WLNewPagingModeMainCollectionViewCell.m */; };
		EFB520EB2085AB34007EDBCF /* WLNewColumnsViewCollectionViewCell.xib in Resources */ = {isa = PBXBuildFile; fileRef = EFB520CB2085AB33007EDBCF /* WLNewColumnsViewCollectionViewCell.xib */; };
		EFB520EC2085AB34007EDBCF /* WLNewPagingModeMainView.m in Sources */ = {isa = PBXBuildFile; fileRef = EFB520CF2085AB33007EDBCF /* WLNewPagingModeMainView.m */; };
		EFB520ED2085AB34007EDBCF /* WLNewColumnsView.m in Sources */ = {isa = PBXBuildFile; fileRef = EFB520D02085AB33007EDBCF /* WLNewColumnsView.m */; };
		EFB520EE2085AB34007EDBCF /* WLNewPagingModeModel.m in Sources */ = {isa = PBXBuildFile; fileRef = EFB520D52085AB33007EDBCF /* WLNewPagingModeModel.m */; };
		EFE3D3CE2085FBF90053F613 /* LICENSE in Resources */ = {isa = PBXBuildFile; fileRef = EFE3D3B22085FBF90053F613 /* LICENSE */; };
		EFE3D3CF2085FBF90053F613 /* NSLayoutConstraint+MASDebugAdditions.m in Sources */ = {isa = PBXBuildFile; fileRef = EFE3D3B52085FBF90053F613 /* NSLayoutConstraint+MASDebugAdditions.m */; };
		EFE3D3D02085FBF90053F613 /* ViewController+MASAdditions.m in Sources */ = {isa = PBXBuildFile; fileRef = EFE3D3BE2085FBF90053F613 /* ViewController+MASAdditions.m */; };
		EFE3D3D12085FBF90053F613 /* MASCompositeConstraint.m in Sources */ = {isa = PBXBuildFile; fileRef = EFE3D3C22085FBF90053F613 /* MASCompositeConstraint.m */; };
		EFE3D3D22085FBF90053F613 /* MASConstraintMaker.m in Sources */ = {isa = PBXBuildFile; fileRef = EFE3D3C32085FBF90053F613 /* MASConstraintMaker.m */; };
		EFE3D3D32085FBF90053F613 /* MASLayoutConstraint.m in Sources */ = {isa = PBXBuildFile; fileRef = EFE3D3C42085FBF90053F613 /* MASLayoutConstraint.m */; };
		EFE3D3D42085FBF90053F613 /* NSArray+MASAdditions.m in Sources */ = {isa = PBXBuildFile; fileRef = EFE3D3C52085FBF90053F613 /* NSArray+MASAdditions.m */; };
		EFE3D3D52085FBF90053F613 /* View+MASAdditions.m in Sources */ = {isa = PBXBuildFile; fileRef = EFE3D3C62085FBF90053F613 /* View+MASAdditions.m */; };
		EFE3D3D62085FBF90053F613 /* MASConstraint.m in Sources */ = {isa = PBXBuildFile; fileRef = EFE3D3C92085FBF90053F613 /* MASConstraint.m */; };
		EFE3D3D72085FBF90053F613 /* MASViewConstraint.m in Sources */ = {isa = PBXBuildFile; fileRef = EFE3D3CB2085FBF90053F613 /* MASViewConstraint.m */; };
		EFE3D3D82085FBF90053F613 /* MASViewAttribute.m in Sources */ = {isa = PBXBuildFile; fileRef = EFE3D3CC2085FBF90053F613 /* MASViewAttribute.m */; };
		EFE3D3D92085FBF90053F613 /* README.md in Resources */ = {isa = PBXBuildFile; fileRef = EFE3D3CD2085FBF90053F613 /* README.md */; };
		EFE3D3E62085FC790053F613 /* Assets.xcassets in Resources */ = {isa = PBXBuildFile; fileRef = EFE3D3DC2085FC790053F613 /* Assets.xcassets */; };
		EFE3D3E72085FC790053F613 /* ViewController.m in Sources */ = {isa = PBXBuildFile; fileRef = EFE3D3DD2085FC790053F613 /* ViewController.m */; };
		EFE3D3E82085FC790053F613 /* LaunchScreen.storyboard in Resources */ = {isa = PBXBuildFile; fileRef = EFE3D3DE2085FC790053F613 /* LaunchScreen.storyboard */; };
		EFE3D3E92085FC790053F613 /* Main.storyboard in Resources */ = {isa = PBXBuildFile; fileRef = EFE3D3E02085FC790053F613 /* Main.storyboard */; };
		EFE3D3EA2085FC790053F613 /* main.m in Sources */ = {isa = PBXBuildFile; fileRef = EFE3D3E22085FC790053F613 /* main.m */; };
		EFE3D3EB2085FC790053F613 /* AppDelegate.m in Sources */ = {isa = PBXBuildFile; fileRef = EFE3D3E32085FC790053F613 /* AppDelegate.m */; };
		EFE3D3EC2085FC790053F613 /* Info.plist in Resources */ = {isa = PBXBuildFile; fileRef = EFE3D3E42085FC790053F613 /* Info.plist */; };
/* End PBXBuildFile section */

/* Begin PBXContainerItemProxy section */
		EFB5207D2085AB04007EDBCF /* PBXContainerItemProxy */ = {
			isa = PBXContainerItemProxy;
			containerPortal = EFB5205C2085AB02007EDBCF /* Project object */;
			proxyType = 1;
			remoteGlobalIDString = EFB520632085AB02007EDBCF;
			remoteInfo = WLPageView;
		};
		EFB520882085AB04007EDBCF /* PBXContainerItemProxy */ = {
			isa = PBXContainerItemProxy;
			containerPortal = EFB5205C2085AB02007EDBCF /* Project object */;
			proxyType = 1;
			remoteGlobalIDString = EFB520632085AB02007EDBCF;
			remoteInfo = WLPageView;
		};
/* End PBXContainerItemProxy section */

/* Begin PBXFileReference section */
		EFB520642085AB02007EDBCF /* WLPageView.app */ = {isa = PBXFileReference; explicitFileType = wrapper.application; includeInIndex = 0; path = WLPageView.app; sourceTree = BUILT_PRODUCTS_DIR; };
		EFB5207C2085AB04007EDBCF /* WLPageViewTests.xctest */ = {isa = PBXFileReference; explicitFileType = wrapper.cfbundle; includeInIndex = 0; path = WLPageViewTests.xctest; sourceTree = BUILT_PRODUCTS_DIR; };
		EFB520872085AB04007EDBCF /* WLPageViewUITests.xctest */ = {isa = PBXFileReference; explicitFileType = wrapper.cfbundle; includeInIndex = 0; path = WLPageViewUITests.xctest; sourceTree = BUILT_PRODUCTS_DIR; };
		EFB5209B2085AB33007EDBCF /* UIView+WLCornerRadius.h */ = {isa = PBXFileReference; fileEncoding = 4; lastKnownFileType = sourcecode.c.h; path = "UIView+WLCornerRadius.h"; sourceTree = "<group>"; };
		EFB5209C2085AB33007EDBCF /* WL_Macros.h */ = {isa = PBXFileReference; fileEncoding = 4; lastKnownFileType = sourcecode.c.h; path = WL_Macros.h; sourceTree = "<group>"; };
		EFB5209D2085AB33007EDBCF /* UIView+WExtension.m */ = {isa = PBXFileReference; fileEncoding = 4; lastKnownFileType = sourcecode.c.objc; path = "UIView+WExtension.m"; sourceTree = "<group>"; };
		EFB5209E2085AB33007EDBCF /* UIImage+WLColor.m */ = {isa = PBXFileReference; fileEncoding = 4; lastKnownFileType = sourcecode.c.objc; path = "UIImage+WLColor.m"; sourceTree = "<group>"; };
		EFB5209F2085AB33007EDBCF /* UIView+WLBlockGesture.m */ = {isa = PBXFileReference; fileEncoding = 4; lastKnownFileType = sourcecode.c.objc; path = "UIView+WLBlockGesture.m"; sourceTree = "<group>"; };
		EFB520A02085AB33007EDBCF /* UIView+WLCornerRadius.m */ = {isa = PBXFileReference; fileEncoding = 4; lastKnownFileType = sourcecode.c.objc; path = "UIView+WLCornerRadius.m"; sourceTree = "<group>"; };
		EFB520A12085AB33007EDBCF /* UIView+WExtension.h */ = {isa = PBXFileReference; fileEncoding = 4; lastKnownFileType = sourcecode.c.h; path = "UIView+WExtension.h"; sourceTree = "<group>"; };
		EFB520A22085AB33007EDBCF /* UIView+WLBlockGesture.h */ = {isa = PBXFileReference; fileEncoding = 4; lastKnownFileType = sourcecode.c.h; path = "UIView+WLBlockGesture.h"; sourceTree = "<group>"; };
		EFB520A32085AB33007EDBCF /* UIImage+WLColor.h */ = {isa = PBXFileReference; fileEncoding = 4; lastKnownFileType = sourcecode.c.h; path = "UIImage+WLColor.h"; sourceTree = "<group>"; };
		EFB520C22085AB33007EDBCF /* WLNewBaseView.m */ = {isa = PBXFileReference; fileEncoding = 4; lastKnownFileType = sourcecode.c.objc; path = WLNewBaseView.m; sourceTree = "<group>"; };
		EFB520C32085AB33007EDBCF /* WLNewColumnsButton.h */ = {isa = PBXFileReference; fileEncoding = 4; lastKnownFileType = sourcecode.c.h; path = WLNewColumnsButton.h; sourceTree = "<group>"; };
		EFB520C42085AB33007EDBCF /* WLNewColumusMoreItemView.h */ = {isa = PBXFileReference; fileEncoding = 4; lastKnownFileType = sourcecode.c.h; path = WLNewColumusMoreItemView.h; sourceTree = "<group>"; };
		EFB520C52085AB33007EDBCF /* WLNewBaseView.h */ = {isa = PBXFileReference; fileEncoding = 4; lastKnownFileType = sourcecode.c.h; path = WLNewBaseView.h; sourceTree = "<group>"; };
		EFB520C62085AB33007EDBCF /* WLNewColumnsButton.m */ = {isa = PBXFileReference; fileEncoding = 4; lastKnownFileType = sourcecode.c.objc; path = WLNewColumnsButton.m; sourceTree = "<group>"; };
		EFB520C72085AB33007EDBCF /* WLNewColumusMoreItemView.m */ = {isa = PBXFileReference; fileEncoding = 4; lastKnownFileType = sourcecode.c.objc; path = WLNewColumusMoreItemView.m; sourceTree = "<group>"; };
		EFB520C92085AB33007EDBCF /* WLNewColumnsViewCollectionViewCell.m */ = {isa = PBXFileReference; fileEncoding = 4; lastKnownFileType = sourcecode.c.objc; path = WLNewColumnsViewCollectionViewCell.m; sourceTree = "<group>"; };
		EFB520CA2085AB33007EDBCF /* WLNewPagingModeMainCollectionViewCell.m */ = {isa = PBXFileReference; fileEncoding = 4; lastKnownFileType = sourcecode.c.objc; path = WLNewPagingModeMainCollectionViewCell.m; sourceTree = "<group>"; };
		EFB520CB2085AB33007EDBCF /* WLNewColumnsViewCollectionViewCell.xib */ = {isa = PBXFileReference; fileEncoding = 4; lastKnownFileType = file.xib; path = WLNewColumnsViewCollectionViewCell.xib; sourceTree = "<group>"; };
		EFB520CC2085AB33007EDBCF /* WLNewPagingModeMainCollectionViewCell.h */ = {isa = PBXFileReference; fileEncoding = 4; lastKnownFileType = sourcecode.c.h; path = WLNewPagingModeMainCollectionViewCell.h; sourceTree = "<group>"; };
		EFB520CD2085AB33007EDBCF /* WLNewColumnsViewCollectionViewCell.h */ = {isa = PBXFileReference; fileEncoding = 4; lastKnownFileType = sourcecode.c.h; path = WLNewColumnsViewCollectionViewCell.h; sourceTree = "<group>"; };
		EFB520CF2085AB33007EDBCF /* WLNewPagingModeMainView.m */ = {isa = PBXFileReference; fileEncoding = 4; lastKnownFileType = sourcecode.c.objc; path = WLNewPagingModeMainView.m; sourceTree = "<group>"; };
		EFB520D02085AB33007EDBCF /* WLNewColumnsView.m */ = {isa = PBXFileReference; fileEncoding = 4; lastKnownFileType = sourcecode.c.objc; path = WLNewColumnsView.m; sourceTree = "<group>"; };
		EFB520D12085AB33007EDBCF /* WLNewPagingModeMainView.h */ = {isa = PBXFileReference; fileEncoding = 4; lastKnownFileType = sourcecode.c.h; path = WLNewPagingModeMainView.h; sourceTree = "<group>"; };
		EFB520D22085AB33007EDBCF /* WLNewColumnsView.h */ = {isa = PBXFileReference; fileEncoding = 4; lastKnownFileType = sourcecode.c.h; path = WLNewColumnsView.h; sourceTree = "<group>"; };
		EFB520D42085AB33007EDBCF /* WLNewPagingModeModel.h */ = {isa = PBXFileReference; fileEncoding = 4; lastKnownFileType = sourcecode.c.h; path = WLNewPagingModeModel.h; sourceTree = "<group>"; };
		EFB520D52085AB33007EDBCF /* WLNewPagingModeModel.m */ = {isa = PBXFileReference; fileEncoding = 4; lastKnownFileType = sourcecode.c.objc; path = WLNewPagingModeModel.m; sourceTree = "<group>"; };
		EFE3D3B22085FBF90053F613 /* LICENSE */ = {isa = PBXFileReference; fileEncoding = 4; lastKnownFileType = text; path = LICENSE; sourceTree = "<group>"; };
		EFE3D3B42085FBF90053F613 /* MASCompositeConstraint.h */ = {isa = PBXFileReference; fileEncoding = 4; lastKnownFileType = sourcecode.c.h; path = MASCompositeConstraint.h; sourceTree = "<group>"; };
		EFE3D3B52085FBF90053F613 /* NSLayoutConstraint+MASDebugAdditions.m */ = {isa = PBXFileReference; fileEncoding = 4; lastKnownFileType = sourcecode.c.objc; path = "NSLayoutConstraint+MASDebugAdditions.m"; sourceTree = "<group>"; };
		EFE3D3B62085FBF90053F613 /* MASConstraint+Private.h */ = {isa = PBXFileReference; fileEncoding = 4; lastKnownFileType = sourcecode.c.h; path = "MASConstraint+Private.h"; sourceTree = "<group>"; };
		EFE3D3B72085FBF90053F613 /* MASLayoutConstraint.h */ = {isa = PBXFileReference; fileEncoding = 4; lastKnownFileType = sourcecode.c.h; path = MASLayoutConstraint.h; sourceTree = "<group>"; };
		EFE3D3B82085FBF90053F613 /* NSArray+MASShorthandAdditions.h */ = {isa = PBXFileReference; fileEncoding = 4; lastKnownFileType = sourcecode.c.h; path = "NSArray+MASShorthandAdditions.h"; sourceTree = "<group>"; };
		EFE3D3B92085FBF90053F613 /* MASConstraintMaker.h */ = {isa = PBXFileReference; fileEncoding = 4; lastKnownFileType = sourcecode.c.h; path = MASConstraintMaker.h; sourceTree = "<group>"; };
		EFE3D3BA2085FBF90053F613 /* View+MASAdditions.h */ = {isa = PBXFileReference; fileEncoding = 4; lastKnownFileType = sourcecode.c.h; path = "View+MASAdditions.h"; sourceTree = "<group>"; };
		EFE3D3BB2085FBF90053F613 /* NSArray+MASAdditions.h */ = {isa = PBXFileReference; fileEncoding = 4; lastKnownFileType = sourcecode.c.h; path = "NSArray+MASAdditions.h"; sourceTree = "<group>"; };
		EFE3D3BC2085FBF90053F613 /* MASUtilities.h */ = {isa = PBXFileReference; fileEncoding = 4; lastKnownFileType = sourcecode.c.h; path = MASUtilities.h; sourceTree = "<group>"; };
		EFE3D3BD2085FBF90053F613 /* MASViewAttribute.h */ = {isa = PBXFileReference; fileEncoding = 4; lastKnownFileType = sourcecode.c.h; path = MASViewAttribute.h; sourceTree = "<group>"; };
		EFE3D3BE2085FBF90053F613 /* ViewController+MASAdditions.m */ = {isa = PBXFileReference; fileEncoding = 4; lastKnownFileType = sourcecode.c.objc; path = "ViewController+MASAdditions.m"; sourceTree = "<group>"; };
		EFE3D3BF2085FBF90053F613 /* MASViewConstraint.h */ = {isa = PBXFileReference; fileEncoding = 4; lastKnownFileType = sourcecode.c.h; path = MASViewConstraint.h; sourceTree = "<group>"; };
		EFE3D3C02085FBF90053F613 /* MASConstraint.h */ = {isa = PBXFileReference; fileEncoding = 4; lastKnownFileType = sourcecode.c.h; path = MASConstraint.h; sourceTree = "<group>"; };
		EFE3D3C12085FBF90053F613 /* NSLayoutConstraint+MASDebugAdditions.h */ = {isa = PBXFileReference; fileEncoding = 4; lastKnownFileType = sourcecode.c.h; path = "NSLayoutConstraint+MASDebugAdditions.h"; sourceTree = "<group>"; };
		EFE3D3C22085FBF90053F613 /* MASCompositeConstraint.m */ = {isa = PBXFileReference; fileEncoding = 4; lastKnownFileType = sourcecode.c.objc; path = MASCompositeConstraint.m; sourceTree = "<group>"; };
		EFE3D3C32085FBF90053F613 /* MASConstraintMaker.m */ = {isa = PBXFileReference; fileEncoding = 4; lastKnownFileType = sourcecode.c.objc; path = MASConstraintMaker.m; sourceTree = "<group>"; };
		EFE3D3C42085FBF90053F613 /* MASLayoutConstraint.m */ = {isa = PBXFileReference; fileEncoding = 4; lastKnownFileType = sourcecode.c.objc; path = MASLayoutConstraint.m; sourceTree = "<group>"; };
		EFE3D3C52085FBF90053F613 /* NSArray+MASAdditions.m */ = {isa = PBXFileReference; fileEncoding = 4; lastKnownFileType = sourcecode.c.objc; path = "NSArray+MASAdditions.m"; sourceTree = "<group>"; };
		EFE3D3C62085FBF90053F613 /* View+MASAdditions.m */ = {isa = PBXFileReference; fileEncoding = 4; lastKnownFileType = sourcecode.c.objc; path = "View+MASAdditions.m"; sourceTree = "<group>"; };
		EFE3D3C72085FBF90053F613 /* View+MASShorthandAdditions.h */ = {isa = PBXFileReference; fileEncoding = 4; lastKnownFileType = sourcecode.c.h; path = "View+MASShorthandAdditions.h"; sourceTree = "<group>"; };
		EFE3D3C82085FBF90053F613 /* Masonry.h */ = {isa = PBXFileReference; fileEncoding = 4; lastKnownFileType = sourcecode.c.h; path = Masonry.h; sourceTree = "<group>"; };
		EFE3D3C92085FBF90053F613 /* MASConstraint.m */ = {isa = PBXFileReference; fileEncoding = 4; lastKnownFileType = sourcecode.c.objc; path = MASConstraint.m; sourceTree = "<group>"; };
		EFE3D3CA2085FBF90053F613 /* ViewController+MASAdditions.h */ = {isa = PBXFileReference; fileEncoding = 4; lastKnownFileType = sourcecode.c.h; path = "ViewController+MASAdditions.h"; sourceTree = "<group>"; };
		EFE3D3CB2085FBF90053F613 /* MASViewConstraint.m */ = {isa = PBXFileReference; fileEncoding = 4; lastKnownFileType = sourcecode.c.objc; path = MASViewConstraint.m; sourceTree = "<group>"; };
		EFE3D3CC2085FBF90053F613 /* MASViewAttribute.m */ = {isa = PBXFileReference; fileEncoding = 4; lastKnownFileType = sourcecode.c.objc; path = MASViewAttribute.m; sourceTree = "<group>"; };
		EFE3D3CD2085FBF90053F613 /* README.md */ = {isa = PBXFileReference; fileEncoding = 4; lastKnownFileType = net.daringfireball.markdown; path = README.md; sourceTree = "<group>"; };
		EFE3D3DB2085FC790053F613 /* AppDelegate.h */ = {isa = PBXFileReference; fileEncoding = 4; lastKnownFileType = sourcecode.c.h; path = AppDelegate.h; sourceTree = "<group>"; };
		EFE3D3DC2085FC790053F613 /* Assets.xcassets */ = {isa = PBXFileReference; lastKnownFileType = folder.assetcatalog; path = Assets.xcassets; sourceTree = "<group>"; };
		EFE3D3DD2085FC790053F613 /* ViewController.m */ = {isa = PBXFileReference; fileEncoding = 4; lastKnownFileType = sourcecode.c.objc; path = ViewController.m; sourceTree = "<group>"; };
		EFE3D3DF2085FC790053F613 /* Base */ = {isa = PBXFileReference; lastKnownFileType = file.storyboard; name = Base; path = Base.lproj/LaunchScreen.storyboard; sourceTree = "<group>"; };
		EFE3D3E12085FC790053F613 /* Base */ = {isa = PBXFileReference; lastKnownFileType = file.storyboard; name = Base; path = Base.lproj/Main.storyboard; sourceTree = "<group>"; };
		EFE3D3E22085FC790053F613 /* main.m */ = {isa = PBXFileReference; fileEncoding = 4; lastKnownFileType = sourcecode.c.objc; path = main.m; sourceTree = "<group>"; };
		EFE3D3E32085FC790053F613 /* AppDelegate.m */ = {isa = PBXFileReference; fileEncoding = 4; lastKnownFileType = sourcecode.c.objc; path = AppDelegate.m; sourceTree = "<group>"; };
		EFE3D3E42085FC790053F613 /* Info.plist */ = {isa = PBXFileReference; fileEncoding = 4; lastKnownFileType = text.plist.xml; path = Info.plist; sourceTree = "<group>"; };
		EFE3D3E52085FC790053F613 /* ViewController.h */ = {isa = PBXFileReference; fileEncoding = 4; lastKnownFileType = sourcecode.c.h; path = ViewController.h; sourceTree = "<group>"; };
/* End PBXFileReference section */

/* Begin PBXFrameworksBuildPhase section */
		EFB520612085AB02007EDBCF /* Frameworks */ = {
			isa = PBXFrameworksBuildPhase;
			buildActionMask = 2147483647;
			files = (
			);
			runOnlyForDeploymentPostprocessing = 0;
		};
		EFB520792085AB04007EDBCF /* Frameworks */ = {
			isa = PBXFrameworksBuildPhase;
			buildActionMask = 2147483647;
			files = (
			);
			runOnlyForDeploymentPostprocessing = 0;
		};
		EFB520842085AB04007EDBCF /* Frameworks */ = {
			isa = PBXFrameworksBuildPhase;
			buildActionMask = 2147483647;
			files = (
			);
			runOnlyForDeploymentPostprocessing = 0;
		};
/* End PBXFrameworksBuildPhase section */

/* Begin PBXGroup section */
		EFB5205B2085AB02007EDBCF = {
			isa = PBXGroup;
			children = (
				EFE3D3DA2085FC790053F613 /* WLPageViewDemo */,
				EFE3D3B12085FBF90053F613 /* Masonry */,
				EFB520992085AB33007EDBCF /* Class */,
				EFB520652085AB02007EDBCF /* Products */,
			);
			sourceTree = "<group>";
		};
		EFB520652085AB02007EDBCF /* Products */ = {
			isa = PBXGroup;
			children = (
				EFB520642085AB02007EDBCF /* WLPageView.app */,
				EFB5207C2085AB04007EDBCF /* WLPageViewTests.xctest */,
				EFB520872085AB04007EDBCF /* WLPageViewUITests.xctest */,
			);
			name = Products;
			sourceTree = "<group>";
		};
		EFB520992085AB33007EDBCF /* Class */ = {
			isa = PBXGroup;
			children = (
				EFB5209A2085AB33007EDBCF /* Category */,
				EFB520C12085AB33007EDBCF /* OtherView */,
				EFB520C82085AB33007EDBCF /* Cell */,
				EFB520CE2085AB33007EDBCF /* ColumnsView */,
				EFB520D32085AB33007EDBCF /* Model */,
			);
			path = Class;
			sourceTree = "<group>";
		};
		EFB5209A2085AB33007EDBCF /* Category */ = {
			isa = PBXGroup;
			children = (
				EFB5209B2085AB33007EDBCF /* UIView+WLCornerRadius.h */,
				EFB5209C2085AB33007EDBCF /* WL_Macros.h */,
				EFB5209D2085AB33007EDBCF /* UIView+WExtension.m */,
				EFB5209E2085AB33007EDBCF /* UIImage+WLColor.m */,
				EFB5209F2085AB33007EDBCF /* UIView+WLBlockGesture.m */,
				EFB520A02085AB33007EDBCF /* UIView+WLCornerRadius.m */,
				EFB520A12085AB33007EDBCF /* UIView+WExtension.h */,
				EFB520A22085AB33007EDBCF /* UIView+WLBlockGesture.h */,
				EFB520A32085AB33007EDBCF /* UIImage+WLColor.h */,
			);
			path = Category;
			sourceTree = "<group>";
		};
		EFB520C12085AB33007EDBCF /* OtherView */ = {
			isa = PBXGroup;
			children = (
				EFB520C22085AB33007EDBCF /* WLNewBaseView.m */,
				EFB520C32085AB33007EDBCF /* WLNewColumnsButton.h */,
				EFB520C42085AB33007EDBCF /* WLNewColumusMoreItemView.h */,
				EFB520C52085AB33007EDBCF /* WLNewBaseView.h */,
				EFB520C62085AB33007EDBCF /* WLNewColumnsButton.m */,
				EFB520C72085AB33007EDBCF /* WLNewColumusMoreItemView.m */,
			);
			path = OtherView;
			sourceTree = "<group>";
		};
		EFB520C82085AB33007EDBCF /* Cell */ = {
			isa = PBXGroup;
			children = (
				EFB520C92085AB33007EDBCF /* WLNewColumnsViewCollectionViewCell.m */,
				EFB520CA2085AB33007EDBCF /* WLNewPagingModeMainCollectionViewCell.m */,
				EFB520CB2085AB33007EDBCF /* WLNewColumnsViewCollectionViewCell.xib */,
				EFB520CC2085AB33007EDBCF /* WLNewPagingModeMainCollectionViewCell.h */,
				EFB520CD2085AB33007EDBCF /* WLNewColumnsViewCollectionViewCell.h */,
			);
			path = Cell;
			sourceTree = "<group>";
		};
		EFB520CE2085AB33007EDBCF /* ColumnsView */ = {
			isa = PBXGroup;
			children = (
				EFB520CF2085AB33007EDBCF /* WLNewPagingModeMainView.m */,
				EFB520D02085AB33007EDBCF /* WLNewColumnsView.m */,
				EFB520D12085AB33007EDBCF /* WLNewPagingModeMainView.h */,
				EFB520D22085AB33007EDBCF /* WLNewColumnsView.h */,
			);
			path = ColumnsView;
			sourceTree = "<group>";
		};
		EFB520D32085AB33007EDBCF /* Model */ = {
			isa = PBXGroup;
			children = (
				EFB520D42085AB33007EDBCF /* WLNewPagingModeModel.h */,
				EFB520D52085AB33007EDBCF /* WLNewPagingModeModel.m */,
			);
			path = Model;
			sourceTree = "<group>";
		};
		EFE3D3B12085FBF90053F613 /* Masonry */ = {
			isa = PBXGroup;
			children = (
				EFE3D3B22085FBF90053F613 /* LICENSE */,
				EFE3D3B32085FBF90053F613 /* Masonry */,
				EFE3D3CD2085FBF90053F613 /* README.md */,
			);
			path = Masonry;
			sourceTree = "<group>";
		};
		EFE3D3B32085FBF90053F613 /* Masonry */ = {
			isa = PBXGroup;
			children = (
				EFE3D3B42085FBF90053F613 /* MASCompositeConstraint.h */,
				EFE3D3B52085FBF90053F613 /* NSLayoutConstraint+MASDebugAdditions.m */,
				EFE3D3B62085FBF90053F613 /* MASConstraint+Private.h */,
				EFE3D3B72085FBF90053F613 /* MASLayoutConstraint.h */,
				EFE3D3B82085FBF90053F613 /* NSArray+MASShorthandAdditions.h */,
				EFE3D3B92085FBF90053F613 /* MASConstraintMaker.h */,
				EFE3D3BA2085FBF90053F613 /* View+MASAdditions.h */,
				EFE3D3BB2085FBF90053F613 /* NSArray+MASAdditions.h */,
				EFE3D3BC2085FBF90053F613 /* MASUtilities.h */,
				EFE3D3BD2085FBF90053F613 /* MASViewAttribute.h */,
				EFE3D3BE2085FBF90053F613 /* ViewController+MASAdditions.m */,
				EFE3D3BF2085FBF90053F613 /* MASViewConstraint.h */,
				EFE3D3C02085FBF90053F613 /* MASConstraint.h */,
				EFE3D3C12085FBF90053F613 /* NSLayoutConstraint+MASDebugAdditions.h */,
				EFE3D3C22085FBF90053F613 /* MASCompositeConstraint.m */,
				EFE3D3C32085FBF90053F613 /* MASConstraintMaker.m */,
				EFE3D3C42085FBF90053F613 /* MASLayoutConstraint.m */,
				EFE3D3C52085FBF90053F613 /* NSArray+MASAdditions.m */,
				EFE3D3C62085FBF90053F613 /* View+MASAdditions.m */,
				EFE3D3C72085FBF90053F613 /* View+MASShorthandAdditions.h */,
				EFE3D3C82085FBF90053F613 /* Masonry.h */,
				EFE3D3C92085FBF90053F613 /* MASConstraint.m */,
				EFE3D3CA2085FBF90053F613 /* ViewController+MASAdditions.h */,
				EFE3D3CB2085FBF90053F613 /* MASViewConstraint.m */,
				EFE3D3CC2085FBF90053F613 /* MASViewAttribute.m */,
			);
			path = Masonry;
			sourceTree = "<group>";
		};
		EFE3D3DA2085FC790053F613 /* WLPageViewDemo */ = {
			isa = PBXGroup;
			children = (
				EFE3D3DB2085FC790053F613 /* AppDelegate.h */,
				EFE3D3DC2085FC790053F613 /* Assets.xcassets */,
				EFE3D3DD2085FC790053F613 /* ViewController.m */,
				EFE3D3DE2085FC790053F613 /* LaunchScreen.storyboard */,
				EFE3D3E02085FC790053F613 /* Main.storyboard */,
				EFE3D3E22085FC790053F613 /* main.m */,
				EFE3D3E32085FC790053F613 /* AppDelegate.m */,
				EFE3D3E42085FC790053F613 /* Info.plist */,
				EFE3D3E52085FC790053F613 /* ViewController.h */,
			);
			path = WLPageViewDemo;
			sourceTree = "<group>";
		};
/* End PBXGroup section */

/* Begin PBXNativeTarget section */
		EFB520632085AB02007EDBCF /* WLPageView */ = {
			isa = PBXNativeTarget;
			buildConfigurationList = EFB520902085AB04007EDBCF /* Build configuration list for PBXNativeTarget "WLPageView" */;
			buildPhases = (
				EFB520602085AB02007EDBCF /* Sources */,
				EFB520612085AB02007EDBCF /* Frameworks */,
				EFB520622085AB02007EDBCF /* Resources */,
			);
			buildRules = (
			);
			dependencies = (
			);
			name = WLPageView;
			productName = WLPageView;
			productReference = EFB520642085AB02007EDBCF /* WLPageView.app */;
			productType = "com.apple.product-type.application";
		};
		EFB5207B2085AB04007EDBCF /* WLPageViewTests */ = {
			isa = PBXNativeTarget;
			buildConfigurationList = EFB520932085AB04007EDBCF /* Build configuration list for PBXNativeTarget "WLPageViewTests" */;
			buildPhases = (
				EFB520782085AB04007EDBCF /* Sources */,
				EFB520792085AB04007EDBCF /* Frameworks */,
				EFB5207A2085AB04007EDBCF /* Resources */,
			);
			buildRules = (
			);
			dependencies = (
				EFB5207E2085AB04007EDBCF /* PBXTargetDependency */,
			);
			name = WLPageViewTests;
			productName = WLPageViewTests;
			productReference = EFB5207C2085AB04007EDBCF /* WLPageViewTests.xctest */;
			productType = "com.apple.product-type.bundle.unit-test";
		};
		EFB520862085AB04007EDBCF /* WLPageViewUITests */ = {
			isa = PBXNativeTarget;
			buildConfigurationList = EFB520962085AB04007EDBCF /* Build configuration list for PBXNativeTarget "WLPageViewUITests" */;
			buildPhases = (
				EFB520832085AB04007EDBCF /* Sources */,
				EFB520842085AB04007EDBCF /* Frameworks */,
				EFB520852085AB04007EDBCF /* Resources */,
			);
			buildRules = (
			);
			dependencies = (
				EFB520892085AB04007EDBCF /* PBXTargetDependency */,
			);
			name = WLPageViewUITests;
			productName = WLPageViewUITests;
			productReference = EFB520872085AB04007EDBCF /* WLPageViewUITests.xctest */;
			productType = "com.apple.product-type.bundle.ui-testing";
		};
/* End PBXNativeTarget section */

/* Begin PBXProject section */
		EFB5205C2085AB02007EDBCF /* Project object */ = {
			isa = PBXProject;
			attributes = {
				LastUpgradeCheck = 0930;
				ORGANIZATIONNAME = "王亮";
				TargetAttributes = {
					EFB520632085AB02007EDBCF = {
						CreatedOnToolsVersion = 9.3;
					};
					EFB5207B2085AB04007EDBCF = {
						CreatedOnToolsVersion = 9.3;
						TestTargetID = EFB520632085AB02007EDBCF;
					};
					EFB520862085AB04007EDBCF = {
						CreatedOnToolsVersion = 9.3;
						TestTargetID = EFB520632085AB02007EDBCF;
					};
				};
			};
			buildConfigurationList = EFB5205F2085AB02007EDBCF /* Build configuration list for PBXProject "WLPageView" */;
			compatibilityVersion = "Xcode 9.3";
			developmentRegion = en;
			hasScannedForEncodings = 0;
			knownRegions = (
				en,
				Base,
			);
			mainGroup = EFB5205B2085AB02007EDBCF;
			productRefGroup = EFB520652085AB02007EDBCF /* Products */;
			projectDirPath = "";
			projectRoot = "";
			targets = (
				EFB520632085AB02007EDBCF /* WLPageView */,
				EFB5207B2085AB04007EDBCF /* WLPageViewTests */,
				EFB520862085AB04007EDBCF /* WLPageViewUITests */,
			);
		};
/* End PBXProject section */

/* Begin PBXResourcesBuildPhase section */
		EFB520622085AB02007EDBCF /* Resources */ = {
			isa = PBXResourcesBuildPhase;
			buildActionMask = 2147483647;
			files = (
				EFE3D3CE2085FBF90053F613 /* LICENSE in Resources */,
				EFB520EB2085AB34007EDBCF /* WLNewColumnsViewCollectionViewCell.xib in Resources */,
				EFE3D3E62085FC790053F613 /* Assets.xcassets in Resources */,
				EFE3D3E92085FC790053F613 /* Main.storyboard in Resources */,
				EFE3D3E82085FC790053F613 /* LaunchScreen.storyboard in Resources */,
				EFE3D3D92085FBF90053F613 /* README.md in Resources */,
				EFE3D3EC2085FC790053F613 /* Info.plist in Resources */,
			);
			runOnlyForDeploymentPostprocessing = 0;
		};
		EFB5207A2085AB04007EDBCF /* Resources */ = {
			isa = PBXResourcesBuildPhase;
			buildActionMask = 2147483647;
			files = (
			);
			runOnlyForDeploymentPostprocessing = 0;
		};
		EFB520852085AB04007EDBCF /* Resources */ = {
			isa = PBXResourcesBuildPhase;
			buildActionMask = 2147483647;
			files = (
			);
			runOnlyForDeploymentPostprocessing = 0;
		};
/* End PBXResourcesBuildPhase section */

/* Begin PBXSourcesBuildPhase section */
		EFB520602085AB02007EDBCF /* Sources */ = {
			isa = PBXSourcesBuildPhase;
			buildActionMask = 2147483647;
			files = (
				EFB520D92085AB33007EDBCF /* UIView+WLCornerRadius.m in Sources */,
				EFB520EC2085AB34007EDBCF /* WLNewPagingModeMainView.m in Sources */,
				EFB520D62085AB33007EDBCF /* UIView+WExtension.m in Sources */,
				EFB520E92085AB34007EDBCF /* WLNewColumnsViewCollectionViewCell.m in Sources */,
				EFE3D3D12085FBF90053F613 /* MASCompositeConstraint.m in Sources */,
				EFB520E82085AB34007EDBCF /* WLNewColumusMoreItemView.m in Sources */,
				EFE3D3D62085FBF90053F613 /* MASConstraint.m in Sources */,
				EFE3D3D52085FBF90053F613 /* View+MASAdditions.m in Sources */,
				EFB520E72085AB34007EDBCF /* WLNewColumnsButton.m in Sources */,
				EFB520D72085AB33007EDBCF /* UIImage+WLColor.m in Sources */,
				EFE3D3D82085FBF90053F613 /* MASViewAttribute.m in Sources */,
				EFE3D3CF2085FBF90053F613 /* NSLayoutConstraint+MASDebugAdditions.m in Sources */,
				EFB520EE2085AB34007EDBCF /* WLNewPagingModeModel.m in Sources */,
				EFB520D82085AB33007EDBCF /* UIView+WLBlockGesture.m in Sources */,
				EFB520EA2085AB34007EDBCF /* WLNewPagingModeMainCollectionViewCell.m in Sources */,
				EFE3D3D32085FBF90053F613 /* MASLayoutConstraint.m in Sources */,
				EFE3D3D72085FBF90053F613 /* MASViewConstraint.m in Sources */,
				EFB520E62085AB34007EDBCF /* WLNewBaseView.m in Sources */,
				EFE3D3D42085FBF90053F613 /* NSArray+MASAdditions.m in Sources */,
				EFE3D3EB2085FC790053F613 /* AppDelegate.m in Sources */,
				EFE3D3D22085FBF90053F613 /* MASConstraintMaker.m in Sources */,
				EFE3D3E72085FC790053F613 /* ViewController.m in Sources */,
				EFB520ED2085AB34007EDBCF /* WLNewColumnsView.m in Sources */,
				EFE3D3EA2085FC790053F613 /* main.m in Sources */,
				EFE3D3D02085FBF90053F613 /* ViewController+MASAdditions.m in Sources */,
			);
			runOnlyForDeploymentPostprocessing = 0;
		};
		EFB520782085AB04007EDBCF /* Sources */ = {
			isa = PBXSourcesBuildPhase;
			buildActionMask = 2147483647;
			files = (
			);
			runOnlyForDeploymentPostprocessing = 0;
		};
		EFB520832085AB04007EDBCF /* Sources */ = {
			isa = PBXSourcesBuildPhase;
			buildActionMask = 2147483647;
			files = (
			);
			runOnlyForDeploymentPostprocessing = 0;
		};
/* End PBXSourcesBuildPhase section */

/* Begin PBXTargetDependency section */
		EFB5207E2085AB04007EDBCF /* PBXTargetDependency */ = {
			isa = PBXTargetDependency;
			target = EFB520632085AB02007EDBCF /* WLPageView */;
			targetProxy = EFB5207D2085AB04007EDBCF /* PBXContainerItemProxy */;
		};
		EFB520892085AB04007EDBCF /* PBXTargetDependency */ = {
			isa = PBXTargetDependency;
			target = EFB520632085AB02007EDBCF /* WLPageView */;
			targetProxy = EFB520882085AB04007EDBCF /* PBXContainerItemProxy */;
		};
/* End PBXTargetDependency section */

/* Begin PBXVariantGroup section */
		EFE3D3DE2085FC790053F613 /* LaunchScreen.storyboard */ = {
			isa = PBXVariantGroup;
			children = (
				EFE3D3DF2085FC790053F613 /* Base */,
			);
			name = LaunchScreen.storyboard;
			sourceTree = "<group>";
		};
		EFE3D3E02085FC790053F613 /* Main.storyboard */ = {
			isa = PBXVariantGroup;
			children = (
				EFE3D3E12085FC790053F613 /* Base */,
			);
			name = Main.storyboard;
			sourceTree = "<group>";
		};
/* End PBXVariantGroup section */

/* Begin XCBuildConfiguration section */
		EFB5208E2085AB04007EDBCF /* Debug */ = {
			isa = XCBuildConfiguration;
			buildSettings = {
				ALWAYS_SEARCH_USER_PATHS = NO;
				CLANG_ANALYZER_NONNULL = YES;
				CLANG_ANALYZER_NUMBER_OBJECT_CONVERSION = YES_AGGRESSIVE;
				CLANG_CXX_LANGUAGE_STANDARD = "gnu++14";
				CLANG_CXX_LIBRARY = "libc++";
				CLANG_ENABLE_MODULES = YES;
				CLANG_ENABLE_OBJC_ARC = YES;
				CLANG_ENABLE_OBJC_WEAK = YES;
				CLANG_WARN_BLOCK_CAPTURE_AUTORELEASING = YES;
				CLANG_WARN_BOOL_CONVERSION = YES;
				CLANG_WARN_COMMA = YES;
				CLANG_WARN_CONSTANT_CONVERSION = YES;
				CLANG_WARN_DEPRECATED_OBJC_IMPLEMENTATIONS = YES;
				CLANG_WARN_DIRECT_OBJC_ISA_USAGE = YES_ERROR;
				CLANG_WARN_DOCUMENTATION_COMMENTS = YES;
				CLANG_WARN_EMPTY_BODY = YES;
				CLANG_WARN_ENUM_CONVERSION = YES;
				CLANG_WARN_INFINITE_RECURSION = YES;
				CLANG_WARN_INT_CONVERSION = YES;
				CLANG_WARN_NON_LITERAL_NULL_CONVERSION = YES;
				CLANG_WARN_OBJC_IMPLICIT_RETAIN_SELF = YES;
				CLANG_WARN_OBJC_LITERAL_CONVERSION = YES;
				CLANG_WARN_OBJC_ROOT_CLASS = YES_ERROR;
				CLANG_WARN_RANGE_LOOP_ANALYSIS = YES;
				CLANG_WARN_STRICT_PROTOTYPES = YES;
				CLANG_WARN_SUSPICIOUS_MOVE = YES;
				CLANG_WARN_UNGUARDED_AVAILABILITY = YES_AGGRESSIVE;
				CLANG_WARN_UNREACHABLE_CODE = YES;
				CLANG_WARN__DUPLICATE_METHOD_MATCH = YES;
				CODE_SIGN_IDENTITY = "iPhone Developer";
				COPY_PHASE_STRIP = NO;
				DEBUG_INFORMATION_FORMAT = dwarf;
				ENABLE_STRICT_OBJC_MSGSEND = YES;
				ENABLE_TESTABILITY = YES;
				GCC_C_LANGUAGE_STANDARD = gnu11;
				GCC_DYNAMIC_NO_PIC = NO;
				GCC_NO_COMMON_BLOCKS = YES;
				GCC_OPTIMIZATION_LEVEL = 0;
				GCC_PREPROCESSOR_DEFINITIONS = (
					"DEBUG=1",
					"$(inherited)",
				);
				GCC_WARN_64_TO_32_BIT_CONVERSION = YES;
				GCC_WARN_ABOUT_RETURN_TYPE = YES_ERROR;
				GCC_WARN_UNDECLARED_SELECTOR = YES;
				GCC_WARN_UNINITIALIZED_AUTOS = YES_AGGRESSIVE;
				GCC_WARN_UNUSED_FUNCTION = YES;
				GCC_WARN_UNUSED_VARIABLE = YES;
				IPHONEOS_DEPLOYMENT_TARGET = 11.3;
				MTL_ENABLE_DEBUG_INFO = YES;
				ONLY_ACTIVE_ARCH = YES;
				SDKROOT = iphoneos;
			};
			name = Debug;
		};
		EFB5208F2085AB04007EDBCF /* Release */ = {
			isa = XCBuildConfiguration;
			buildSettings = {
				ALWAYS_SEARCH_USER_PATHS = NO;
				CLANG_ANALYZER_NONNULL = YES;
				CLANG_ANALYZER_NUMBER_OBJECT_CONVERSION = YES_AGGRESSIVE;
				CLANG_CXX_LANGUAGE_STANDARD = "gnu++14";
				CLANG_CXX_LIBRARY = "libc++";
				CLANG_ENABLE_MODULES = YES;
				CLANG_ENABLE_OBJC_ARC = YES;
				CLANG_ENABLE_OBJC_WEAK = YES;
				CLANG_WARN_BLOCK_CAPTURE_AUTORELEASING = YES;
				CLANG_WARN_BOOL_CONVERSION = YES;
				CLANG_WARN_COMMA = YES;
				CLANG_WARN_CONSTANT_CONVERSION = YES;
				CLANG_WARN_DEPRECATED_OBJC_IMPLEMENTATIONS = YES;
				CLANG_WARN_DIRECT_OBJC_ISA_USAGE = YES_ERROR;
				CLANG_WARN_DOCUMENTATION_COMMENTS = YES;
				CLANG_WARN_EMPTY_BODY = YES;
				CLANG_WARN_ENUM_CONVERSION = YES;
				CLANG_WARN_INFINITE_RECURSION = YES;
				CLANG_WARN_INT_CONVERSION = YES;
				CLANG_WARN_NON_LITERAL_NULL_CONVERSION = YES;
				CLANG_WARN_OBJC_IMPLICIT_RETAIN_SELF = YES;
				CLANG_WARN_OBJC_LITERAL_CONVERSION = YES;
				CLANG_WARN_OBJC_ROOT_CLASS = YES_ERROR;
				CLANG_WARN_RANGE_LOOP_ANALYSIS = YES;
				CLANG_WARN_STRICT_PROTOTYPES = YES;
				CLANG_WARN_SUSPICIOUS_MOVE = YES;
				CLANG_WARN_UNGUARDED_AVAILABILITY = YES_AGGRESSIVE;
				CLANG_WARN_UNREACHABLE_CODE = YES;
				CLANG_WARN__DUPLICATE_METHOD_MATCH = YES;
				CODE_SIGN_IDENTITY = "iPhone Developer";
				COPY_PHASE_STRIP = NO;
				DEBUG_INFORMATION_FORMAT = "dwarf-with-dsym";
				ENABLE_NS_ASSERTIONS = NO;
				ENABLE_STRICT_OBJC_MSGSEND = YES;
				GCC_C_LANGUAGE_STANDARD = gnu11;
				GCC_NO_COMMON_BLOCKS = YES;
				GCC_WARN_64_TO_32_BIT_CONVERSION = YES;
				GCC_WARN_ABOUT_RETURN_TYPE = YES_ERROR;
				GCC_WARN_UNDECLARED_SELECTOR = YES;
				GCC_WARN_UNINITIALIZED_AUTOS = YES_AGGRESSIVE;
				GCC_WARN_UNUSED_FUNCTION = YES;
				GCC_WARN_UNUSED_VARIABLE = YES;
				IPHONEOS_DEPLOYMENT_TARGET = 11.3;
				MTL_ENABLE_DEBUG_INFO = NO;
				SDKROOT = iphoneos;
				VALIDATE_PRODUCT = YES;
			};
			name = Release;
		};
		EFB520912085AB04007EDBCF /* Debug */ = {
			isa = XCBuildConfiguration;
			buildSettings = {
				ASSETCATALOG_COMPILER_APPICON_NAME = AppIcon;
				CODE_SIGN_STYLE = Automatic;
				DEVELOPMENT_TEAM = 5L9DE6VDRE;
				INFOPLIST_FILE = "$(SRCROOT)/WLPageViewDemo/Info.plist";
				IPHONEOS_DEPLOYMENT_TARGET = 8.0;
				LD_RUNPATH_SEARCH_PATHS = (
					"$(inherited)",
					"@executable_path/Frameworks",
				);
				PRODUCT_BUNDLE_IDENTIFIER = Mrwa.WLPageView;
				PRODUCT_NAME = "$(TARGET_NAME)";
				TARGETED_DEVICE_FAMILY = "1,2";
			};
			name = Debug;
		};
		EFB520922085AB04007EDBCF /* Release */ = {
			isa = XCBuildConfiguration;
			buildSettings = {
				ASSETCATALOG_COMPILER_APPICON_NAME = AppIcon;
				CODE_SIGN_STYLE = Automatic;
				DEVELOPMENT_TEAM = 5L9DE6VDRE;
				INFOPLIST_FILE = "$(SRCROOT)/WLPageViewDemo/Info.plist";
				IPHONEOS_DEPLOYMENT_TARGET = 8.0;
				LD_RUNPATH_SEARCH_PATHS = (
					"$(inherited)",
					"@executable_path/Frameworks",
				);
				PRODUCT_BUNDLE_IDENTIFIER = Mrwa.WLPageView;
				PRODUCT_NAME = "$(TARGET_NAME)";
				TARGETED_DEVICE_FAMILY = "1,2";
			};
			name = Release;
		};
		EFB520942085AB04007EDBCF /* Debug */ = {
			isa = XCBuildConfiguration;
			buildSettings = {
				BUNDLE_LOADER = "$(TEST_HOST)";
				CODE_SIGN_STYLE = Automatic;
				DEVELOPMENT_TEAM = 5L9DE6VDRE;
				INFOPLIST_FILE = WLPageViewTests/Info.plist;
				LD_RUNPATH_SEARCH_PATHS = (
					"$(inherited)",
					"@executable_path/Frameworks",
					"@loader_path/Frameworks",
				);
				PRODUCT_BUNDLE_IDENTIFIER = Mrwa.WLPageViewTests;
				PRODUCT_NAME = "$(TARGET_NAME)";
				TARGETED_DEVICE_FAMILY = "1,2";
				TEST_HOST = "$(BUILT_PRODUCTS_DIR)/WLPageView.app/WLPageView";
			};
			name = Debug;
		};
		EFB520952085AB04007EDBCF /* Release */ = {
			isa = XCBuildConfiguration;
			buildSettings = {
				BUNDLE_LOADER = "$(TEST_HOST)";
				CODE_SIGN_STYLE = Automatic;
				DEVELOPMENT_TEAM = 5L9DE6VDRE;
				INFOPLIST_FILE = WLPageViewTests/Info.plist;
				LD_RUNPATH_SEARCH_PATHS = (
					"$(inherited)",
					"@executable_path/Frameworks",
					"@loader_path/Frameworks",
				);
				PRODUCT_BUNDLE_IDENTIFIER = Mrwa.WLPageViewTests;
				PRODUCT_NAME = "$(TARGET_NAME)";
				TARGETED_DEVICE_FAMILY = "1,2";
				TEST_HOST = "$(BUILT_PRODUCTS_DIR)/WLPageView.app/WLPageView";
			};
			name = Release;
		};
		EFB520972085AB04007EDBCF /* Debug */ = {
			isa = XCBuildConfiguration;
			buildSettings = {
				CODE_SIGN_STYLE = Automatic;
				DEVELOPMENT_TEAM = 5L9DE6VDRE;
				INFOPLIST_FILE = WLPageViewUITests/Info.plist;
				LD_RUNPATH_SEARCH_PATHS = (
					"$(inherited)",
					"@executable_path/Frameworks",
					"@loader_path/Frameworks",
				);
				PRODUCT_BUNDLE_IDENTIFIER = Mrwa.WLPageViewUITests;
				PRODUCT_NAME = "$(TARGET_NAME)";
				TARGETED_DEVICE_FAMILY = "1,2";
				TEST_TARGET_NAME = WLPageView;
			};
			name = Debug;
		};
		EFB520982085AB04007EDBCF /* Release */ = {
			isa = XCBuildConfiguration;
			buildSettings = {
				CODE_SIGN_STYLE = Automatic;
				DEVELOPMENT_TEAM = 5L9DE6VDRE;
				INFOPLIST_FILE = WLPageViewUITests/Info.plist;
				LD_RUNPATH_SEARCH_PATHS = (
					"$(inherited)",
					"@executable_path/Frameworks",
					"@loader_path/Frameworks",
				);
				PRODUCT_BUNDLE_IDENTIFIER = Mrwa.WLPageViewUITests;
				PRODUCT_NAME = "$(TARGET_NAME)";
				TARGETED_DEVICE_FAMILY = "1,2";
				TEST_TARGET_NAME = WLPageView;
			};
			name = Release;
		};
/* End XCBuildConfiguration section */

/* Begin XCConfigurationList section */
		EFB5205F2085AB02007EDBCF /* Build configuration list for PBXProject "WLPageView" */ = {
			isa = XCConfigurationList;
			buildConfigurations = (
				EFB5208E2085AB04007EDBCF /* Debug */,
				EFB5208F2085AB04007EDBCF /* Release */,
			);
			defaultConfigurationIsVisible = 0;
			defaultConfigurationName = Release;
		};
		EFB520902085AB04007EDBCF /* Build configuration list for PBXNativeTarget "WLPageView" */ = {
			isa = XCConfigurationList;
			buildConfigurations = (
				EFB520912085AB04007EDBCF /* Debug */,
				EFB520922085AB04007EDBCF /* Release */,
			);
			defaultConfigurationIsVisible = 0;
			defaultConfigurationName = Release;
		};
		EFB520932085AB04007EDBCF /* Build configuration list for PBXNativeTarget "WLPageViewTests" */ = {
			isa = XCConfigurationList;
			buildConfigurations = (
				EFB520942085AB04007EDBCF /* Debug */,
				EFB520952085AB04007EDBCF /* Release */,
			);
			defaultConfigurationIsVisible = 0;
			defaultConfigurationName = Release;
		};
		EFB520962085AB04007EDBCF /* Build configuration list for PBXNativeTarget "WLPageViewUITests" */ = {
			isa = XCConfigurationList;
			buildConfigurations = (
				EFB520972085AB04007EDBCF /* Debug */,
				EFB520982085AB04007EDBCF /* Release */,
			);
			defaultConfigurationIsVisible = 0;
			defaultConfigurationName = Release;
		};
/* End XCConfigurationList section */
	};
	rootObject = EFB5205C2085AB02007EDBCF /* Project object */;
}
